// !$*UTF8*$!
{
	archiveVersion = 1;
	classes = {
	};
	objectVersion = 51;
	objects = {

/* Begin PBXBuildFile section */
		BDEEEE7F2539756C005EE09B /* AppDelegate.m in Sources */ = {isa = PBXBuildFile; fileRef = BDEEEE7E2539756C005EE09B /* AppDelegate.m */; };
		BDEEEE822539756C005EE09B /* SceneDelegate.m in Sources */ = {isa = PBXBuildFile; fileRef = BDEEEE812539756C005EE09B /* SceneDelegate.m */; };
		BDEEEE852539756C005EE09B /* ViewController.m in Sources */ = {isa = PBXBuildFile; fileRef = BDEEEE842539756C005EE09B /* ViewController.m */; };
		BDEEEE882539756C005EE09B /* Main.storyboard in Resources */ = {isa = PBXBuildFile; fileRef = BDEEEE862539756C005EE09B /* Main.storyboard */; };
		BDEEEE8A2539756E005EE09B /* Assets.xcassets in Resources */ = {isa = PBXBuildFile; fileRef = BDEEEE892539756E005EE09B /* Assets.xcassets */; };
		BDEEEE8D2539756E005EE09B /* LaunchScreen.storyboard in Resources */ = {isa = PBXBuildFile; fileRef = BDEEEE8B2539756E005EE09B /* LaunchScreen.storyboard */; };
		BDEEEE902539756E005EE09B /* main.m in Sources */ = {isa = PBXBuildFile; fileRef = BDEEEE8F2539756E005EE09B /* main.m */; };
		BDEEEEA32539766E005EE09B /* RTCEngine.m in Sources */ = {isa = PBXBuildFile; fileRef = BDEEEEA12539766E005EE09B /* RTCEngine.m */; };
		F22827776FFE6F9D87848413 /* libPods-WebRTCDemo.a in Frameworks */ = {isa = PBXBuildFile; fileRef = 08CEC0965A2F82F7CC83AA1A /* libPods-WebRTCDemo.a */; };
/* End PBXBuildFile section */

/* Begin PBXFileReference section */
		08CEC0965A2F82F7CC83AA1A /* libPods-WebRTCDemo.a */ = {isa = PBXFileReference; explicitFileType = archive.ar; includeInIndex = 0; path = "libPods-WebRTCDemo.a"; sourceTree = BUILT_PRODUCTS_DIR; };
		3CDDC1EDB766CFA583A239E1 /* Pods-WebRTCDemo.release.xcconfig */ = {isa = PBXFileReference; includeInIndex = 1; lastKnownFileType = text.xcconfig; name = "Pods-WebRTCDemo.release.xcconfig"; path = "Target Support Files/Pods-WebRTCDemo/Pods-WebRTCDemo.release.xcconfig"; sourceTree = "<group>"; };
		5C6D252A2338D75736C1764E /* Pods-WebRTCDemo.debug.xcconfig */ = {isa = PBXFileReference; includeInIndex = 1; lastKnownFileType = text.xcconfig; name = "Pods-WebRTCDemo.debug.xcconfig"; path = "Target Support Files/Pods-WebRTCDemo/Pods-WebRTCDemo.debug.xcconfig"; sourceTree = "<group>"; };
		BDEEEE7A2539756C005EE09B /* WebRTCDemo.app */ = {isa = PBXFileReference; explicitFileType = wrapper.application; includeInIndex = 0; path = WebRTCDemo.app; sourceTree = BUILT_PRODUCTS_DIR; };
		BDEEEE7D2539756C005EE09B /* AppDelegate.h */ = {isa = PBXFileReference; lastKnownFileType = sourcecode.c.h; path = AppDelegate.h; sourceTree = "<group>"; };
		BDEEEE7E2539756C005EE09B /* AppDelegate.m */ = {isa = PBXFileReference; lastKnownFileType = sourcecode.c.objc; path = AppDelegate.m; sourceTree = "<group>"; };
		BDEEEE802539756C005EE09B /* SceneDelegate.h */ = {isa = PBXFileReference; lastKnownFileType = sourcecode.c.h; path = SceneDelegate.h; sourceTree = "<group>"; };
		BDEEEE812539756C005EE09B /* SceneDelegate.m */ = {isa = PBXFileReference; lastKnownFileType = sourcecode.c.objc; path = SceneDelegate.m; sourceTree = "<group>"; };
		BDEEEE832539756C005EE09B /* ViewController.h */ = {isa = PBXFileReference; lastKnownFileType = sourcecode.c.h; path = ViewController.h; sourceTree = "<group>"; };
		BDEEEE842539756C005EE09B /* ViewController.m */ = {isa = PBXFileReference; lastKnownFileType = sourcecode.c.objc; path = ViewController.m; sourceTree = "<group>"; };
		BDEEEE872539756C005EE09B /* Base */ = {isa = PBXFileReference; lastKnownFileType = file.storyboard; name = Base; path = Base.lproj/Main.storyboard; sourceTree = "<group>"; };
		BDEEEE892539756E005EE09B /* Assets.xcassets */ = {isa = PBXFileReference; lastKnownFileType = folder.assetcatalog; path = Assets.xcassets; sourceTree = "<group>"; };
		BDEEEE8C2539756E005EE09B /* Base */ = {isa = PBXFileReference; lastKnownFileType = file.storyboard; name = Base; path = Base.lproj/LaunchScreen.storyboard; sourceTree = "<group>"; };
		BDEEEE8E2539756E005EE09B /* Info.plist */ = {isa = PBXFileReference; lastKnownFileType = text.plist.xml; path = Info.plist; sourceTree = "<group>"; };
		BDEEEE8F2539756E005EE09B /* main.m */ = {isa = PBXFileReference; lastKnownFileType = sourcecode.c.objc; path = main.m; sourceTree = "<group>"; };
		BDEEEEA12539766E005EE09B /* RTCEngine.m */ = {isa = PBXFileReference; fileEncoding = 4; lastKnownFileType = sourcecode.c.objc; path = RTCEngine.m; sourceTree = "<group>"; };
		BDEEEEA22539766E005EE09B /* RTCEngine.h */ = {isa = PBXFileReference; fileEncoding = 4; lastKnownFileType = sourcecode.c.h; path = RTCEngine.h; sourceTree = "<group>"; };
/* End PBXFileReference section */

/* Begin PBXFrameworksBuildPhase section */
		BDEEEE772539756C005EE09B /* Frameworks */ = {
			isa = PBXFrameworksBuildPhase;
			buildActionMask = 2147483647;
			files = (
				F22827776FFE6F9D87848413 /* libPods-WebRTCDemo.a in Frameworks */,
			);
			runOnlyForDeploymentPostprocessing = 0;
		};
/* End PBXFrameworksBuildPhase section */

/* Begin PBXGroup section */
		6328A89F4471CA0BCA127FC3 /* Frameworks */ = {
			isa = PBXGroup;
			children = (
				08CEC0965A2F82F7CC83AA1A /* libPods-WebRTCDemo.a */,
			);
			name = Frameworks;
			sourceTree = "<group>";
		};
		77A369C27BD44AA198D98272 /* Pods */ = {
			isa = PBXGroup;
			children = (
				5C6D252A2338D75736C1764E /* Pods-WebRTCDemo.debug.xcconfig */,
				3CDDC1EDB766CFA583A239E1 /* Pods-WebRTCDemo.release.xcconfig */,
			);
			path = Pods;
			sourceTree = "<group>";
		};
		BDEEEE712539756C005EE09B = {
			isa = PBXGroup;
			children = (
				BDEEEE7C2539756C005EE09B /* WebRTCDemo */,
				BDEEEE7B2539756C005EE09B /* Products */,
				77A369C27BD44AA198D98272 /* Pods */,
				6328A89F4471CA0BCA127FC3 /* Frameworks */,
			);
			sourceTree = "<group>";
		};
		BDEEEE7B2539756C005EE09B /* Products */ = {
			isa = PBXGroup;
			children = (
				BDEEEE7A2539756C005EE09B /* WebRTCDemo.app */,
			);
			name = Products;
			sourceTree = "<group>";
		};
		BDEEEE7C2539756C005EE09B /* WebRTCDemo */ = {
			isa = PBXGroup;
			children = (
				BDEEEEA02539766E005EE09B /* Classes */,
				BDEEEE7D2539756C005EE09B /* AppDelegate.h */,
				BDEEEE7E2539756C005EE09B /* AppDelegate.m */,
				BDEEEE802539756C005EE09B /* SceneDelegate.h */,
				BDEEEE812539756C005EE09B /* SceneDelegate.m */,
				BDEEEE832539756C005EE09B /* ViewController.h */,
				BDEEEE842539756C005EE09B /* ViewController.m */,
				BDEEEE862539756C005EE09B /* Main.storyboard */,
				BDEEEE892539756E005EE09B /* Assets.xcassets */,
				BDEEEE8B2539756E005EE09B /* LaunchScreen.storyboard */,
				BDEEEE8E2539756E005EE09B /* Info.plist */,
				BDEEEE8F2539756E005EE09B /* main.m */,
			);
			path = WebRTCDemo;
			sourceTree = "<group>";
		};
		BDEEEEA02539766E005EE09B /* Classes */ = {
			isa = PBXGroup;
			children = (
				BDEEEEA22539766E005EE09B /* RTCEngine.h */,
				BDEEEEA12539766E005EE09B /* RTCEngine.m */,
			);
			path = Classes;
			sourceTree = "<group>";
		};
/* End PBXGroup section */

/* Begin PBXNativeTarget section */
		BDEEEE792539756C005EE09B /* WebRTCDemo */ = {
			isa = PBXNativeTarget;
			buildConfigurationList = BDEEEE932539756E005EE09B /* Build configuration list for PBXNativeTarget "WebRTCDemo" */;
			buildPhases = (
				C5D4489F0A508ADCDAACBDD3 /* [CP] Check Pods Manifest.lock */,
				BDEEEE762539756C005EE09B /* Sources */,
				BDEEEE772539756C005EE09B /* Frameworks */,
				BDEEEE782539756C005EE09B /* Resources */,
				74F1142BF7368CEB3B4A6D55 /* [CP] Embed Pods Frameworks */,
			);
			buildRules = (
			);
			dependencies = (
			);
			name = WebRTCDemo;
			productName = WebRTCDemo;
			productReference = BDEEEE7A2539756C005EE09B /* WebRTCDemo.app */;
			productType = "com.apple.product-type.application";
		};
/* End PBXNativeTarget section */

/* Begin PBXProject section */
		BDEEEE722539756C005EE09B /* Project object */ = {
			isa = PBXProject;
			attributes = {
				LastUpgradeCheck = 1200;
				TargetAttributes = {
					BDEEEE792539756C005EE09B = {
						CreatedOnToolsVersion = 12.0;
					};
				};
			};
			buildConfigurationList = BDEEEE752539756C005EE09B /* Build configuration list for PBXProject "WebRTCDemo" */;
			compatibilityVersion = "Xcode 9.3";
			developmentRegion = en;
			hasScannedForEncodings = 0;
			knownRegions = (
				en,
				Base,
			);
			mainGroup = BDEEEE712539756C005EE09B;
			productRefGroup = BDEEEE7B2539756C005EE09B /* Products */;
			projectDirPath = "";
			projectRoot = "";
			targets = (
				BDEEEE792539756C005EE09B /* WebRTCDemo */,
			);
		};
/* End PBXProject section */

/* Begin PBXResourcesBuildPhase section */
		BDEEEE782539756C005EE09B /* Resources */ = {
			isa = PBXResourcesBuildPhase;
			buildActionMask = 2147483647;
			files = (
				BDEEEE8D2539756E005EE09B /* LaunchScreen.storyboard in Resources */,
				BDEEEE8A2539756E005EE09B /* Assets.xcassets in Resources */,
				BDEEEE882539756C005EE09B /* Main.storyboard in Resources */,
			);
			runOnlyForDeploymentPostprocessing = 0;
		};
/* End PBXResourcesBuildPhase section */

/* Begin PBXShellScriptBuildPhase section */
		74F1142BF7368CEB3B4A6D55 /* [CP] Embed Pods Frameworks */ = {
			isa = PBXShellScriptBuildPhase;
			buildActionMask = 2147483647;
			files = (
			);
			inputFileListPaths = (
				"${PODS_ROOT}/Target Support Files/Pods-WebRTCDemo/Pods-WebRTCDemo-frameworks-${CONFIGURATION}-input-files.xcfilelist",
			);
			name = "[CP] Embed Pods Frameworks";
			outputFileListPaths = (
				"${PODS_ROOT}/Target Support Files/Pods-WebRTCDemo/Pods-WebRTCDemo-frameworks-${CONFIGURATION}-output-files.xcfilelist",
			);
			runOnlyForDeploymentPostprocessing = 0;
			shellPath = /bin/sh;
			shellScript = "\"${PODS_ROOT}/Target Support Files/Pods-WebRTCDemo/Pods-WebRTCDemo-frameworks.sh\"\n";
			showEnvVarsInLog = 0;
		};
		C5D4489F0A508ADCDAACBDD3 /* [CP] Check Pods Manifest.lock */ = {
			isa = PBXShellScriptBuildPhase;
			buildActionMask = 2147483647;
			files = (
			);
			inputFileListPaths = (
			);
			inputPaths = (
				"${PODS_PODFILE_DIR_PATH}/Podfile.lock",
				"${PODS_ROOT}/Manifest.lock",
			);
			name = "[CP] Check Pods Manifest.lock";
			outputFileListPaths = (
			);
			outputPaths = (
				"$(DERIVED_FILE_DIR)/Pods-WebRTCDemo-checkManifestLockResult.txt",
			);
			runOnlyForDeploymentPostprocessing = 0;
			shellPath = /bin/sh;
			shellScript = "diff \"${PODS_PODFILE_DIR_PATH}/Podfile.lock\" \"${PODS_ROOT}/Manifest.lock\" > /dev/null\nif [ $? != 0 ] ; then\n    # print error to STDERR\n    echo \"error: The sandbox is not in sync with the Podfile.lock. Run 'pod install' or update your CocoaPods installation.\" >&2\n    exit 1\nfi\n# This output is used by Xcode 'outputs' to avoid re-running this script phase.\necho \"SUCCESS\" > \"${SCRIPT_OUTPUT_FILE_0}\"\n";
			showEnvVarsInLog = 0;
		};
/* End PBXShellScriptBuildPhase section */

/* Begin PBXSourcesBuildPhase section */
		BDEEEE762539756C005EE09B /* Sources */ = {
			isa = PBXSourcesBuildPhase;
			buildActionMask = 2147483647;
			files = (
				BDEEEEA32539766E005EE09B /* RTCEngine.m in Sources */,
				BDEEEE852539756C005EE09B /* ViewController.m in Sources */,
				BDEEEE7F2539756C005EE09B /* AppDelegate.m in Sources */,
				BDEEEE902539756E005EE09B /* main.m in Sources */,
				BDEEEE822539756C005EE09B /* SceneDelegate.m in Sources */,
			);
			runOnlyForDeploymentPostprocessing = 0;
		};
/* End PBXSourcesBuildPhase section */

/* Begin PBXVariantGroup section */
		BDEEEE862539756C005EE09B /* Main.storyboard */ = {
			isa = PBXVariantGroup;
			children = (
				BDEEEE872539756C005EE09B /* Base */,
			);
			name = Main.storyboard;
			sourceTree = "<group>";
		};
		BDEEEE8B2539756E005EE09B /* LaunchScreen.storyboard */ = {
			isa = PBXVariantGroup;
			children = (
				BDEEEE8C2539756E005EE09B /* Base */,
			);
			name = LaunchScreen.storyboard;
			sourceTree = "<group>";
		};
/* End PBXVariantGroup section */

/* Begin XCBuildConfiguration section */
		BDEEEE912539756E005EE09B /* Debug */ = {
			isa = XCBuildConfiguration;
			buildSettings = {
				ALWAYS_SEARCH_USER_PATHS = NO;
				CLANG_ANALYZER_NONNULL = YES;
				CLANG_ANALYZER_NUMBER_OBJECT_CONVERSION = YES_AGGRESSIVE;
				CLANG_CXX_LANGUAGE_STANDARD = "gnu++14";
				CLANG_CXX_LIBRARY = "libc++";
				CLANG_ENABLE_MODULES = YES;
				CLANG_ENABLE_OBJC_ARC = YES;
				CLANG_ENABLE_OBJC_WEAK = YES;
				CLANG_WARN_BLOCK_CAPTURE_AUTORELEASING = YES;
				CLANG_WARN_BOOL_CONVERSION = YES;
				CLANG_WARN_COMMA = YES;
				CLANG_WARN_CONSTANT_CONVERSION = YES;
				CLANG_WARN_DEPRECATED_OBJC_IMPLEMENTATIONS = YES;
				CLANG_WARN_DIRECT_OBJC_ISA_USAGE = YES_ERROR;
				CLANG_WARN_DOCUMENTATION_COMMENTS = YES;
				CLANG_WARN_EMPTY_BODY = YES;
				CLANG_WARN_ENUM_CONVERSION = YES;
				CLANG_WARN_INFINITE_RECURSION = YES;
				CLANG_WARN_INT_CONVERSION = YES;
				CLANG_WARN_NON_LITERAL_NULL_CONVERSION = YES;
				CLANG_WARN_OBJC_IMPLICIT_RETAIN_SELF = YES;
				CLANG_WARN_OBJC_LITERAL_CONVERSION = YES;
				CLANG_WARN_OBJC_ROOT_CLASS = YES_ERROR;
				CLANG_WARN_QUOTED_INCLUDE_IN_FRAMEWORK_HEADER = YES;
				CLANG_WARN_RANGE_LOOP_ANALYSIS = YES;
				CLANG_WARN_STRICT_PROTOTYPES = YES;
				CLANG_WARN_SUSPICIOUS_MOVE = YES;
				CLANG_WARN_UNGUARDED_AVAILABILITY = YES_AGGRESSIVE;
				CLANG_WARN_UNREACHABLE_CODE = YES;
				CLANG_WARN__DUPLICATE_METHOD_MATCH = YES;
				COPY_PHASE_STRIP = NO;
				DEBUG_INFORMATION_FORMAT = dwarf;
				ENABLE_STRICT_OBJC_MSGSEND = YES;
				ENABLE_TESTABILITY = YES;
				GCC_C_LANGUAGE_STANDARD = gnu11;
				GCC_DYNAMIC_NO_PIC = NO;
				GCC_NO_COMMON_BLOCKS = YES;
				GCC_OPTIMIZATION_LEVEL = 0;
				GCC_PREPROCESSOR_DEFINITIONS = (
					"DEBUG=1",
					"$(inherited)",
				);
				GCC_WARN_64_TO_32_BIT_CONVERSION = YES;
				GCC_WARN_ABOUT_RETURN_TYPE = YES_ERROR;
				GCC_WARN_UNDECLARED_SELECTOR = YES;
				GCC_WARN_UNINITIALIZED_AUTOS = YES_AGGRESSIVE;
				GCC_WARN_UNUSED_FUNCTION = YES;
				GCC_WARN_UNUSED_VARIABLE = YES;
				IPHONEOS_DEPLOYMENT_TARGET = 14.0;
				MTL_ENABLE_DEBUG_INFO = INCLUDE_SOURCE;
				MTL_FAST_MATH = YES;
				ONLY_ACTIVE_ARCH = YES;
				SDKROOT = iphoneos;
			};
			name = Debug;
		};
		BDEEEE922539756E005EE09B /* Release */ = {
			isa = XCBuildConfiguration;
			buildSettings = {
				ALWAYS_SEARCH_USER_PATHS = NO;
				CLANG_ANALYZER_NONNULL = YES;
				CLANG_ANALYZER_NUMBER_OBJECT_CONVERSION = YES_AGGRESSIVE;
				CLANG_CXX_LANGUAGE_STANDARD = "gnu++14";
				CLANG_CXX_LIBRARY = "libc++";
				CLANG_ENABLE_MODULES = YES;
				CLANG_ENABLE_OBJC_ARC = YES;
				CLANG_ENABLE_OBJC_WEAK = YES;
				CLANG_WARN_BLOCK_CAPTURE_AUTORELEASING = YES;
				CLANG_WARN_BOOL_CONVERSION = YES;
				CLANG_WARN_COMMA = YES;
				CLANG_WARN_CONSTANT_CONVERSION = YES;
				CLANG_WARN_DEPRECATED_OBJC_IMPLEMENTATIONS = YES;
				CLANG_WARN_DIRECT_OBJC_ISA_USAGE = YES_ERROR;
				CLANG_WARN_DOCUMENTATION_COMMENTS = YES;
				CLANG_WARN_EMPTY_BODY = YES;
				CLANG_WARN_ENUM_CONVERSION = YES;
				CLANG_WARN_INFINITE_RECURSION = YES;
				CLANG_WARN_INT_CONVERSION = YES;
				CLANG_WARN_NON_LITERAL_NULL_CONVERSION = YES;
				CLANG_WARN_OBJC_IMPLICIT_RETAIN_SELF = YES;
				CLANG_WARN_OBJC_LITERAL_CONVERSION = YES;
				CLANG_WARN_OBJC_ROOT_CLASS = YES_ERROR;
				CLANG_WARN_QUOTED_INCLUDE_IN_FRAMEWORK_HEADER = YES;
				CLANG_WARN_RANGE_LOOP_ANALYSIS = YES;
				CLANG_WARN_STRICT_PROTOTYPES = YES;
				CLANG_WARN_SUSPICIOUS_MOVE = YES;
				CLANG_WARN_UNGUARDED_AVAILABILITY = YES_AGGRESSIVE;
				CLANG_WARN_UNREACHABLE_CODE = YES;
				CLANG_WARN__DUPLICATE_METHOD_MATCH = YES;
				COPY_PHASE_STRIP = NO;
				DEBUG_INFORMATION_FORMAT = "dwarf-with-dsym";
				ENABLE_NS_ASSERTIONS = NO;
				ENABLE_STRICT_OBJC_MSGSEND = YES;
				GCC_C_LANGUAGE_STANDARD = gnu11;
				GCC_NO_COMMON_BLOCKS = YES;
				GCC_WARN_64_TO_32_BIT_CONVERSION = YES;
				GCC_WARN_ABOUT_RETURN_TYPE = YES_ERROR;
				GCC_WARN_UNDECLARED_SELECTOR = YES;
				GCC_WARN_UNINITIALIZED_AUTOS = YES_AGGRESSIVE;
				GCC_WARN_UNUSED_FUNCTION = YES;
				GCC_WARN_UNUSED_VARIABLE = YES;
				IPHONEOS_DEPLOYMENT_TARGET = 14.0;
				MTL_ENABLE_DEBUG_INFO = NO;
				MTL_FAST_MATH = YES;
				SDKROOT = iphoneos;
				VALIDATE_PRODUCT = YES;
			};
			name = Release;
		};
		BDEEEE942539756E005EE09B /* Debug */ = {
			isa = XCBuildConfiguration;
			baseConfigurationReference = 5C6D252A2338D75736C1764E /* Pods-WebRTCDemo.debug.xcconfig */;
			buildSettings = {
				ASSETCATALOG_COMPILER_APPICON_NAME = AppIcon;
				ASSETCATALOG_COMPILER_GLOBAL_ACCENT_COLOR_NAME = AccentColor;
				CODE_SIGN_STYLE = Automatic;
				DEVELOPMENT_TEAM = C5C92T7Q45;
				ENABLE_BITCODE = NO;
				INFOPLIST_FILE = WebRTCDemo/Info.plist;
				IPHONEOS_DEPLOYMENT_TARGET = 9.0;
				LD_RUNPATH_SEARCH_PATHS = (
					"$(inherited)",
					"@executable_path/Frameworks",
				);
				PRODUCT_BUNDLE_IDENTIFIER = com.pano.WebRTCDemo;
				PRODUCT_NAME = "$(TARGET_NAME)";
				TARGETED_DEVICE_FAMILY = "1,2";
			};
			name = Debug;
		};
		BDEEEE952539756E005EE09B /* Release */ = {
			isa = XCBuildConfiguration;
			baseConfigurationReference = 3CDDC1EDB766CFA583A239E1 /* Pods-WebRTCDemo.release.xcconfig */;
			buildSettings = {
				ASSETCATALOG_COMPILER_APPICON_NAME = AppIcon;
				ASSETCATALOG_COMPILER_GLOBAL_ACCENT_COLOR_NAME = AccentColor;
				CODE_SIGN_STYLE = Automatic;
				DEVELOPMENT_TEAM = C5C92T7Q45;
				ENABLE_BITCODE = NO;
				INFOPLIST_FILE = WebRTCDemo/Info.plist;
				IPHONEOS_DEPLOYMENT_TARGET = 9.0;
				LD_RUNPATH_SEARCH_PATHS = (
					"$(inherited)",
					"@executable_path/Frameworks",
				);
				PRODUCT_BUNDLE_IDENTIFIER = com.pano.WebRTCDemo;
				PRODUCT_NAME = "$(TARGET_NAME)";
				TARGETED_DEVICE_FAMILY = "1,2";
			};
			name = Release;
		};
/* End XCBuildConfiguration section */

/* Begin XCConfigurationList section */
		BDEEEE752539756C005EE09B /* Build configuration list for PBXProject "WebRTCDemo" */ = {
			isa = XCConfigurationList;
			buildConfigurations = (
				BDEEEE912539756E005EE09B /* Debug */,
				BDEEEE922539756E005EE09B /* Release */,
			);
			defaultConfigurationIsVisible = 0;
			defaultConfigurationName = Release;
		};
		BDEEEE932539756E005EE09B /* Build configuration list for PBXNativeTarget "WebRTCDemo" */ = {
			isa = XCConfigurationList;
			buildConfigurations = (
				BDEEEE942539756E005EE09B /* Debug */,
				BDEEEE952539756E005EE09B /* Release */,
			);
			defaultConfigurationIsVisible = 0;
			defaultConfigurationName = Release;
		};
/* End XCConfigurationList section */
	};
	rootObject = BDEEEE722539756C005EE09B /* Project object */;
}
